
Microsoft Visual Studio Solution File, Format Version 12.00
# Visual Studio Version 17
Project("{8BC9CEB8-8B4A-11D0-8D11-00A0C91BC942}") = "ALL_BUILD", "ALL_BUILD.vcxproj", "{C62D296A-8E17-3AEC-8B72-EE69552C2171}"
	ProjectSection(ProjectDependencies) = postProject
		{44D91DCE-4D45-3D7C-9374-3BC132B6D633} = {44D91DCE-4D45-3D7C-9374-3BC132B6D633}
		{9197ED93-2229-3154-BFC9-649EF5A7A8E1} = {9197ED93-2229-3154-BFC9-649EF5A7A8E1}
		{288C2073-BB76-349A-AAEB-24D467F5FC6C} = {288C2073-BB76-349A-AAEB-24D467F5FC6C}
		{5D357108-7B55-3B77-8B4F-815EA86C180E} = {5D357108-7B55-3B77-8B4F-815EA86C180E}
		{F7618BBF-F5CC-39F9-BAFD-A059A62335FD} = {F7618BBF-F5CC-39F9-BAFD-A059A62335FD}
		{E4334F1B-6ADE-3D7B-B6E2-5A0F141C1829} = {E4334F1B-6ADE-3D7B-B6E2-5A0F141C1829}
	EndProjectSection
EndProject
Project("{8BC9CEB8-8B4A-11D0-8D11-00A0C91BC942}") = "INSTALL", "INSTALL.vcxproj", "{203E849F-198A-33C6-B0BD-E028E1242BFC}"
	ProjectSection(ProjectDependencies) = postProject
		{C62D296A-8E17-3AEC-8B72-EE69552C2171} = {C62D296A-8E17-3AEC-8B72-EE69552C2171}
		{44D91DCE-4D45-3D7C-9374-3BC132B6D633} = {44D91DCE-4D45-3D7C-9374-3BC132B6D633}
	EndProjectSection
EndProject
Project("{8BC9CEB8-8B4A-11D0-8D11-00A0C91BC942}") = "ZERO_CHECK", "ZERO_CHECK.vcxproj", "{44D91DCE-4D45-3D7C-9374-3BC132B6D633}"
	ProjectSection(ProjectDependencies) = postProject
	EndProjectSection
EndProject
Project("{8BC9CEB8-8B4A-11D0-8D11-00A0C91BC942}") = "rime", "src\rime.vcxproj", "{9197ED93-2229-3154-BFC9-649EF5A7A8E1}"
	ProjectSection(ProjectDependencies) = postProject
		{44D91DCE-4D45-3D7C-9374-3BC132B6D633} = {44D91DCE-4D45-3D7C-9374-3BC132B6D633}
		{288C2073-BB76-349A-AAEB-24D467F5FC6C} = {288C2073-BB76-349A-AAEB-24D467F5FC6C}
	EndProjectSection
EndProject
Project("{8BC9CEB8-8B4A-11D0-8D11-00A0C91BC942}") = "rime-proto-objs", "proto\rime-proto-objs.vcxproj", "{288C2073-BB76-349A-AAEB-24D467F5FC6C}"
	ProjectSection(ProjectDependencies) = postProject
		{44D91DCE-4D45-3D7C-9374-3BC132B6D633} = {44D91DCE-4D45-3D7C-9374-3BC132B6D633}
	EndProjectSection
EndProject
Project("{8BC9CEB8-8B4A-11D0-8D11-00A0C91BC942}") = "rime_api_console", "tools\rime_api_console.vcxproj", "{5D357108-7B55-3B77-8B4F-815EA86C180E}"
	ProjectSection(ProjectDependencies) = postProject
		{44D91DCE-4D45-3D7C-9374-3BC132B6D633} = {44D91DCE-4D45-3D7C-9374-3BC132B6D633}
		{9197ED93-2229-3154-BFC9-649EF5A7A8E1} = {9197ED93-2229-3154-BFC9-649EF5A7A8E1}
	EndProjectSection
EndProject
Project("{8BC9CEB8-8B4A-11D0-8D11-00A0C91BC942}") = "rime_patch", "tools\rime_patch.vcxproj", "{F7618BBF-F5CC-39F9-BAFD-A059A62335FD}"
	ProjectSection(ProjectDependencies) = postProject
		{44D91DCE-4D45-3D7C-9374-3BC132B6D633} = {44D91DCE-4D45-3D7C-9374-3BC132B6D633}
		{9197ED93-2229-3154-BFC9-649EF5A7A8E1} = {9197ED93-2229-3154-BFC9-649EF5A7A8E1}
	EndProjectSection
EndProject
Project("{8BC9CEB8-8B4A-11D0-8D11-00A0C91BC942}") = "rime_proto_console", "tools\rime_proto_console.vcxproj", "{E4334F1B-6ADE-3D7B-B6E2-5A0F141C1829}"
	ProjectSection(ProjectDependencies) = postProject
		{44D91DCE-4D45-3D7C-9374-3BC132B6D633} = {44D91DCE-4D45-3D7C-9374-3BC132B6D633}
		{9197ED93-2229-3154-BFC9-649EF5A7A8E1} = {9197ED93-2229-3154-BFC9-649EF5A7A8E1}
		{288C2073-BB76-349A-AAEB-24D467F5FC6C} = {288C2073-BB76-349A-AAEB-24D467F5FC6C}
	EndProjectSection
EndProject
Project("{8BC9CEB8-8B4A-11D0-8D11-00A0C91BC942}") = "uninstall", "uninstall.vcxproj", "{56F6CBDE-4B9E-37F6-ADAF-2F5D20EBB478}"
	ProjectSection(ProjectDependencies) = postProject
		{44D91DCE-4D45-3D7C-9374-3BC132B6D633} = {44D91DCE-4D45-3D7C-9374-3BC132B6D633}
	EndProjectSection
EndProject
Global
	GlobalSection(SolutionConfigurationPlatforms) = preSolution
		Release|x64 = Release|x64
	EndGlobalSection
	GlobalSection(ProjectConfigurationPlatforms) = postSolution
		{C62D296A-8E17-3AEC-8B72-EE69552C2171}.Release|x64.ActiveCfg = Release|x64
		{C62D296A-8E17-3AEC-8B72-EE69552C2171}.Release|x64.Build.0 = Release|x64
		{203E849F-198A-33C6-B0BD-E028E1242BFC}.Release|x64.ActiveCfg = Release|x64
		{44D91DCE-4D45-3D7C-9374-3BC132B6D633}.Release|x64.ActiveCfg = Release|x64
		{44D91DCE-4D45-3D7C-9374-3BC132B6D633}.Release|x64.Build.0 = Release|x64
		{9197ED93-2229-3154-BFC9-649EF5A7A8E1}.Release|x64.ActiveCfg = Release|x64
		{9197ED93-2229-3154-BFC9-649EF5A7A8E1}.Release|x64.Build.0 = Release|x64
		{288C2073-BB76-349A-AAEB-24D467F5FC6C}.Release|x64.ActiveCfg = Release|x64
		{288C2073-BB76-349A-AAEB-24D467F5FC6C}.Release|x64.Build.0 = Release|x64
		{5D357108-7B55-3B77-8B4F-815EA86C180E}.Release|x64.ActiveCfg = Release|x64
		{5D357108-7B55-3B77-8B4F-815EA86C180E}.Release|x64.Build.0 = Release|x64
		{F7618BBF-F5CC-39F9-BAFD-A059A62335FD}.Release|x64.ActiveCfg = Release|x64
		{F7618BBF-F5CC-39F9-BAFD-A059A62335FD}.Release|x64.Build.0 = Release|x64
		{E4334F1B-6ADE-3D7B-B6E2-5A0F141C1829}.Release|x64.ActiveCfg = Release|x64
		{E4334F1B-6ADE-3D7B-B6E2-5A0F141C1829}.Release|x64.Build.0 = Release|x64
		{56F6CBDE-4B9E-37F6-ADAF-2F5D20EBB478}.Release|x64.ActiveCfg = Release|x64
	EndGlobalSection
	GlobalSection(ExtensibilityGlobals) = postSolution
		SolutionGuid = {BF0F10EE-BD3E-38B9-9636-0D8DB0F88305}
	EndGlobalSection
	GlobalSection(ExtensibilityAddIns) = postSolution
	EndGlobalSection
EndGlobal
